
Microsoft Visual Studio Solution File, Format Version 12.00
# Visual Studio Version 17
VisualStudioVersion = 17.12.35527.113 d17.12
MinimumVisualStudioVersion = 10.0.40219.1
Project("{FAE04EC0-301F-11D3-BF4B-00C04F79EFBC}") = "WebApp", "WebApp.csproj", "{1DC07CC7-0091-4F8F-9E2E-D4432EDD8D71}"
EndProject
Global
	GlobalSection(SolutionConfigurationPlatforms) = preSolution
		Debug|Any CPU = Debug|Any CPU
		Release|Any CPU = Release|Any CPU
	EndGlobalSection
	GlobalSection(ProjectConfigurationPlatforms) = postSolution
		{1DC07CC7-0091-4F8F-9E2E-D4432EDD8D71}.Debug|Any CPU.ActiveCfg = Debug|Any CPU
		{1DC07CC7-0091-4F8F-9E2E-D4432EDD8D71}.Debug|Any CPU.Build.0 = Debug|Any CPU
		{1DC07CC7-0091-4F8F-9E2E-D4432EDD8D71}.Release|Any CPU.ActiveCfg = Release|Any CPU
		{1DC07CC7-0091-4F8F-9E2E-D4432EDD8D71}.Release|Any CPU.Build.0 = Release|Any CPU
	EndGlobalSection
	GlobalSection(SolutionProperties) = preSolution
		HideSolutionNode = FALSE
	EndGlobalSection
EndGlobal
